// !$*UTF8*$!
{
	archiveVersion = 1;
	classes = {
	};
	objectVersion = 56;
	objects = {

/* Begin PBXBuildFile section */
		3E53E07D2CC63DCC00332E29 /* SettingsDefaults.swift in Sources */ = {isa = PBXBuildFile; fileRef = 3E53E07C2CC63DCB00332E29 /* SettingsDefaults.swift */; };
		3E53E07F2CC63F8C00332E29 /* SettingsManager.swift in Sources */ = {isa = PBXBuildFile; fileRef = 3E53E07E2CC63F8C00332E29 /* SettingsManager.swift */; };
		3EBD30DA2CBFEDC800EBBDE7 /* MoviesApp.swift in Sources */ = {isa = PBXBuildFile; fileRef = 3EBD30D92CBFEDC800EBBDE7 /* MoviesApp.swift */; };
		3EBD30DC2CBFEDC800EBBDE7 /* ContentView.swift in Sources */ = {isa = PBXBuildFile; fileRef = 3EBD30DB2CBFEDC800EBBDE7 /* ContentView.swift */; };
		3EBD30DE2CBFEDCC00EBBDE7 /* Assets.xcassets in Resources */ = {isa = PBXBuildFile; fileRef = 3EBD30DD2CBFEDCC00EBBDE7 /* Assets.xcassets */; };
		3EBD30E12CBFEDCC00EBBDE7 /* Preview Assets.xcassets in Resources */ = {isa = PBXBuildFile; fileRef = 3EBD30E02CBFEDCC00EBBDE7 /* Preview Assets.xcassets */; };
		3EBD30E82CBFEE1100EBBDE7 /* Post.swift in Sources */ = {isa = PBXBuildFile; fileRef = 3EBD30E72CBFEE1000EBBDE7 /* Post.swift */; };
		3EBD30EC2CBFF63000EBBDE7 /* InfoView.swift in Sources */ = {isa = PBXBuildFile; fileRef = 3EBD30EB2CBFF63000EBBDE7 /* InfoView.swift */; };
		3EBD30EE2CC1398700EBBDE7 /* InfoRow.swift in Sources */ = {isa = PBXBuildFile; fileRef = 3EBD30ED2CC1398700EBBDE7 /* InfoRow.swift */; };
		3EBD30F02CC1399700EBBDE7 /* InfoDetails.swift in Sources */ = {isa = PBXBuildFile; fileRef = 3EBD30EF2CC1399700EBBDE7 /* InfoDetails.swift */; };
		3EBD30F22CC142A700EBBDE7 /* HelloView.swift in Sources */ = {isa = PBXBuildFile; fileRef = 3EBD30F12CC142A700EBBDE7 /* HelloView.swift */; };
		3EBD30F42CC1435C00EBBDE7 /* SettingsView.swift in Sources */ = {isa = PBXBuildFile; fileRef = 3EBD30F32CC1435C00EBBDE7 /* SettingsView.swift */; };
/* End PBXBuildFile section */

/* Begin PBXFileReference section */
		3E53E07C2CC63DCB00332E29 /* SettingsDefaults.swift */ = {isa = PBXFileReference; lastKnownFileType = sourcecode.swift; path = SettingsDefaults.swift; sourceTree = "<group>"; };
		3E53E07E2CC63F8C00332E29 /* SettingsManager.swift */ = {isa = PBXFileReference; lastKnownFileType = sourcecode.swift; path = SettingsManager.swift; sourceTree = "<group>"; };
		3EBD30D62CBFEDC800EBBDE7 /* Movies.app */ = {isa = PBXFileReference; explicitFileType = wrapper.application; includeInIndex = 0; path = Movies.app; sourceTree = BUILT_PRODUCTS_DIR; };
		3EBD30D92CBFEDC800EBBDE7 /* MoviesApp.swift */ = {isa = PBXFileReference; lastKnownFileType = sourcecode.swift; path = MoviesApp.swift; sourceTree = "<group>"; };
		3EBD30DB2CBFEDC800EBBDE7 /* ContentView.swift */ = {isa = PBXFileReference; lastKnownFileType = sourcecode.swift; path = ContentView.swift; sourceTree = "<group>"; };
		3EBD30DD2CBFEDCC00EBBDE7 /* Assets.xcassets */ = {isa = PBXFileReference; lastKnownFileType = folder.assetcatalog; path = Assets.xcassets; sourceTree = "<group>"; };
		3EBD30E02CBFEDCC00EBBDE7 /* Preview Assets.xcassets */ = {isa = PBXFileReference; lastKnownFileType = folder.assetcatalog; path = "Preview Assets.xcassets"; sourceTree = "<group>"; };
		3EBD30E72CBFEE1000EBBDE7 /* Post.swift */ = {isa = PBXFileReference; lastKnownFileType = sourcecode.swift; path = Post.swift; sourceTree = "<group>"; };
		3EBD30EB2CBFF63000EBBDE7 /* InfoView.swift */ = {isa = PBXFileReference; lastKnownFileType = sourcecode.swift; path = InfoView.swift; sourceTree = "<group>"; };
		3EBD30ED2CC1398700EBBDE7 /* InfoRow.swift */ = {isa = PBXFileReference; lastKnownFileType = sourcecode.swift; path = InfoRow.swift; sourceTree = "<group>"; };
		3EBD30EF2CC1399700EBBDE7 /* InfoDetails.swift */ = {isa = PBXFileReference; lastKnownFileType = sourcecode.swift; path = InfoDetails.swift; sourceTree = "<group>"; };
		3EBD30F12CC142A700EBBDE7 /* HelloView.swift */ = {isa = PBXFileReference; lastKnownFileType = sourcecode.swift; path = HelloView.swift; sourceTree = "<group>"; };
		3EBD30F32CC1435C00EBBDE7 /* SettingsView.swift */ = {isa = PBXFileReference; lastKnownFileType = sourcecode.swift; path = SettingsView.swift; sourceTree = "<group>"; };
/* End PBXFileReference section */

/* Begin PBXFrameworksBuildPhase section */
		3EBD30D32CBFEDC800EBBDE7 /* Frameworks */ = {
			isa = PBXFrameworksBuildPhase;
			buildActionMask = 2147483647;
			files = (
			);
			runOnlyForDeploymentPostprocessing = 0;
		};
/* End PBXFrameworksBuildPhase section */

/* Begin PBXGroup section */
		3EBD30CD2CBFEDC800EBBDE7 = {
			isa = PBXGroup;
			children = (
				3EBD30D82CBFEDC800EBBDE7 /* Movies */,
				3EBD30D72CBFEDC800EBBDE7 /* Products */,
			);
			sourceTree = "<group>";
		};
		3EBD30D72CBFEDC800EBBDE7 /* Products */ = {
			isa = PBXGroup;
			children = (
				3EBD30D62CBFEDC800EBBDE7 /* Movies.app */,
			);
			name = Products;
			sourceTree = "<group>";
		};
		3EBD30D82CBFEDC800EBBDE7 /* Movies */ = {
			isa = PBXGroup;
			children = (
				3EBD30D92CBFEDC800EBBDE7 /* MoviesApp.swift */,
				3EBD30DB2CBFEDC800EBBDE7 /* ContentView.swift */,
				3EBD30E72CBFEE1000EBBDE7 /* Post.swift */,
				3EBD30EB2CBFF63000EBBDE7 /* InfoView.swift */,
				3EBD30ED2CC1398700EBBDE7 /* InfoRow.swift */,
				3EBD30EF2CC1399700EBBDE7 /* InfoDetails.swift */,
				3EBD30F12CC142A700EBBDE7 /* HelloView.swift */,
				3EBD30F32CC1435C00EBBDE7 /* SettingsView.swift */,
				3E53E07C2CC63DCB00332E29 /* SettingsDefaults.swift */,
				3E53E07E2CC63F8C00332E29 /* SettingsManager.swift */,
				3EBD30DD2CBFEDCC00EBBDE7 /* Assets.xcassets */,
				3EBD30DF2CBFEDCC00EBBDE7 /* Preview Content */,
			);
			path = Movies;
			sourceTree = "<group>";
		};
		3EBD30DF2CBFEDCC00EBBDE7 /* Preview Content */ = {
			isa = PBXGroup;
			children = (
				3EBD30E02CBFEDCC00EBBDE7 /* Preview Assets.xcassets */,
			);
			path = "Preview Content";
			sourceTree = "<group>";
		};
/* End PBXGroup section */

/* Begin PBXNativeTarget section */
		3EBD30D52CBFEDC800EBBDE7 /* Movies */ = {
			isa = PBXNativeTarget;
			buildConfigurationList = 3EBD30E42CBFEDCC00EBBDE7 /* Build configuration list for PBXNativeTarget "Movies" */;
			buildPhases = (
				3EBD30D22CBFEDC800EBBDE7 /* Sources */,
				3EBD30D32CBFEDC800EBBDE7 /* Frameworks */,
				3EBD30D42CBFEDC800EBBDE7 /* Resources */,
			);
			buildRules = (
			);
			dependencies = (
			);
			name = Movies;
			productName = Movies;
			productReference = 3EBD30D62CBFEDC800EBBDE7 /* Movies.app */;
			productType = "com.apple.product-type.application";
		};
/* End PBXNativeTarget section */

/* Begin PBXProject section */
		3EBD30CE2CBFEDC800EBBDE7 /* Project object */ = {
			isa = PBXProject;
			attributes = {
				BuildIndependentTargetsInParallel = 1;
				LastSwiftUpdateCheck = 1540;
				LastUpgradeCheck = 1540;
				TargetAttributes = {
					3EBD30D52CBFEDC800EBBDE7 = {
						CreatedOnToolsVersion = 15.4;
					};
				};
			};
			buildConfigurationList = 3EBD30D12CBFEDC800EBBDE7 /* Build configuration list for PBXProject "Movies" */;
			compatibilityVersion = "Xcode 14.0";
			developmentRegion = en;
			hasScannedForEncodings = 0;
			knownRegions = (
				en,
				Base,
			);
			mainGroup = 3EBD30CD2CBFEDC800EBBDE7;
			productRefGroup = 3EBD30D72CBFEDC800EBBDE7 /* Products */;
			projectDirPath = "";
			projectRoot = "";
			targets = (
				3EBD30D52CBFEDC800EBBDE7 /* Movies */,
			);
		};
/* End PBXProject section */

/* Begin PBXResourcesBuildPhase section */
		3EBD30D42CBFEDC800EBBDE7 /* Resources */ = {
			isa = PBXResourcesBuildPhase;
			buildActionMask = 2147483647;
			files = (
				3EBD30E12CBFEDCC00EBBDE7 /* Preview Assets.xcassets in Resources */,
				3EBD30DE2CBFEDCC00EBBDE7 /* Assets.xcassets in Resources */,
			);
			runOnlyForDeploymentPostprocessing = 0;
		};
/* End PBXResourcesBuildPhase section */

/* Begin PBXSourcesBuildPhase section */
		3EBD30D22CBFEDC800EBBDE7 /* Sources */ = {
			isa = PBXSourcesBuildPhase;
			buildActionMask = 2147483647;
			files = (
				3EBD30EC2CBFF63000EBBDE7 /* InfoView.swift in Sources */,
				3EBD30F42CC1435C00EBBDE7 /* SettingsView.swift in Sources */,
				3EBD30E82CBFEE1100EBBDE7 /* Post.swift in Sources */,
				3EBD30DC2CBFEDC800EBBDE7 /* ContentView.swift in Sources */,
				3EBD30DA2CBFEDC800EBBDE7 /* MoviesApp.swift in Sources */,
				3EBD30F02CC1399700EBBDE7 /* InfoDetails.swift in Sources */,
				3E53E07F2CC63F8C00332E29 /* SettingsManager.swift in Sources */,
				3E53E07D2CC63DCC00332E29 /* SettingsDefaults.swift in Sources */,
				3EBD30F22CC142A700EBBDE7 /* HelloView.swift in Sources */,
				3EBD30EE2CC1398700EBBDE7 /* InfoRow.swift in Sources */,
			);
			runOnlyForDeploymentPostprocessing = 0;
		};
/* End PBXSourcesBuildPhase section */

/* Begin XCBuildConfiguration section */
		3EBD30E22CBFEDCC00EBBDE7 /* Debug */ = {
			isa = XCBuildConfiguration;
			buildSettings = {
				ALWAYS_SEARCH_USER_PATHS = NO;
				ASSETCATALOG_COMPILER_GENERATE_SWIFT_ASSET_SYMBOL_EXTENSIONS = YES;
				CLANG_ANALYZER_NONNULL = YES;
				CLANG_ANALYZER_NUMBER_OBJECT_CONVERSION = YES_AGGRESSIVE;
				CLANG_CXX_LANGUAGE_STANDARD = "gnu++20";
				CLANG_ENABLE_MODULES = YES;
				CLANG_ENABLE_OBJC_ARC = YES;
				CLANG_ENABLE_OBJC_WEAK = YES;
				CLANG_WARN_BLOCK_CAPTURE_AUTORELEASING = YES;
				CLANG_WARN_BOOL_CONVERSION = YES;
				CLANG_WARN_COMMA = YES;
				CLANG_WARN_CONSTANT_CONVERSION = YES;
				CLANG_WARN_DEPRECATED_OBJC_IMPLEMENTATIONS = YES;
				CLANG_WARN_DIRECT_OBJC_ISA_USAGE = YES_ERROR;
				CLANG_WARN_DOCUMENTATION_COMMENTS = YES;
				CLANG_WARN_EMPTY_BODY = YES;
				CLANG_WARN_ENUM_CONVERSION = YES;
				CLANG_WARN_INFINITE_RECURSION = YES;
				CLANG_WARN_INT_CONVERSION = YES;
				CLANG_WARN_NON_LITERAL_NULL_CONVERSION = YES;
				CLANG_WARN_OBJC_IMPLICIT_RETAIN_SELF = YES;
				CLANG_WARN_OBJC_LITERAL_CONVERSION = YES;
				CLANG_WARN_OBJC_ROOT_CLASS = YES_ERROR;
				CLANG_WARN_QUOTED_INCLUDE_IN_FRAMEWORK_HEADER = YES;
				CLANG_WARN_RANGE_LOOP_ANALYSIS = YES;
				CLANG_WARN_STRICT_PROTOTYPES = YES;
				CLANG_WARN_SUSPICIOUS_MOVE = YES;
				CLANG_WARN_UNGUARDED_AVAILABILITY = YES_AGGRESSIVE;
				CLANG_WARN_UNREACHABLE_CODE = YES;
				CLANG_WARN__DUPLICATE_METHOD_MATCH = YES;
				COPY_PHASE_STRIP = NO;
				DEBUG_INFORMATION_FORMAT = dwarf;
				ENABLE_STRICT_OBJC_MSGSEND = YES;
				ENABLE_TESTABILITY = YES;
				ENABLE_USER_SCRIPT_SANDBOXING = YES;
				GCC_C_LANGUAGE_STANDARD = gnu17;
				GCC_DYNAMIC_NO_PIC = NO;
				GCC_NO_COMMON_BLOCKS = YES;
				GCC_OPTIMIZATION_LEVEL = 0;
				GCC_PREPROCESSOR_DEFINITIONS = (
					"DEBUG=1",
					"$(inherited)",
				);
				GCC_WARN_64_TO_32_BIT_CONVERSION = YES;
				GCC_WARN_ABOUT_RETURN_TYPE = YES_ERROR;
				GCC_WARN_UNDECLARED_SELECTOR = YES;
				GCC_WARN_UNINITIALIZED_AUTOS = YES_AGGRESSIVE;
				GCC_WARN_UNUSED_FUNCTION = YES;
				GCC_WARN_UNUSED_VARIABLE = YES;
				IPHONEOS_DEPLOYMENT_TARGET = 17.5;
				LOCALIZATION_PREFERS_STRING_CATALOGS = YES;
				MTL_ENABLE_DEBUG_INFO = INCLUDE_SOURCE;
				MTL_FAST_MATH = YES;
				ONLY_ACTIVE_ARCH = YES;
				SDKROOT = iphoneos;
				SWIFT_ACTIVE_COMPILATION_CONDITIONS = "DEBUG $(inherited)";
				SWIFT_OPTIMIZATION_LEVEL = "-Onone";
			};
			name = Debug;
		};
		3EBD30E32CBFEDCC00EBBDE7 /* Release */ = {
			isa = XCBuildConfiguration;
			buildSettings = {
				ALWAYS_SEARCH_USER_PATHS = NO;
				ASSETCATALOG_COMPILER_GENERATE_SWIFT_ASSET_SYMBOL_EXTENSIONS = YES;
				CLANG_ANALYZER_NONNULL = YES;
				CLANG_ANALYZER_NUMBER_OBJECT_CONVERSION = YES_AGGRESSIVE;
				CLANG_CXX_LANGUAGE_STANDARD = "gnu++20";
				CLANG_ENABLE_MODULES = YES;
				CLANG_ENABLE_OBJC_ARC = YES;
				CLANG_ENABLE_OBJC_WEAK = YES;
				CLANG_WARN_BLOCK_CAPTURE_AUTORELEASING = YES;
				CLANG_WARN_BOOL_CONVERSION = YES;
				CLANG_WARN_COMMA = YES;
				CLANG_WARN_CONSTANT_CONVERSION = YES;
				CLANG_WARN_DEPRECATED_OBJC_IMPLEMENTATIONS = YES;
				CLANG_WARN_DIRECT_OBJC_ISA_USAGE = YES_ERROR;
				CLANG_WARN_DOCUMENTATION_COMMENTS = YES;
				CLANG_WARN_EMPTY_BODY = YES;
				CLANG_WARN_ENUM_CONVERSION = YES;
				CLANG_WARN_INFINITE_RECURSION = YES;
				CLANG_WARN_INT_CONVERSION = YES;
				CLANG_WARN_NON_LITERAL_NULL_CONVERSION = YES;
				CLANG_WARN_OBJC_IMPLICIT_RETAIN_SELF = YES;
				CLANG_WARN_OBJC_LITERAL_CONVERSION = YES;
				CLANG_WARN_OBJC_ROOT_CLASS = YES_ERROR;
				CLANG_WARN_QUOTED_INCLUDE_IN_FRAMEWORK_HEADER = YES;
				CLANG_WARN_RANGE_LOOP_ANALYSIS = YES;
				CLANG_WARN_STRICT_PROTOTYPES = YES;
				CLANG_WARN_SUSPICIOUS_MOVE = YES;
				CLANG_WARN_UNGUARDED_AVAILABILITY = YES_AGGRESSIVE;
				CLANG_WARN_UNREACHABLE_CODE = YES;
				CLANG_WARN__DUPLICATE_METHOD_MATCH = YES;
				COPY_PHASE_STRIP = NO;
				DEBUG_INFORMATION_FORMAT = "dwarf-with-dsym";
				ENABLE_NS_ASSERTIONS = NO;
				ENABLE_STRICT_OBJC_MSGSEND = YES;
				ENABLE_USER_SCRIPT_SANDBOXING = YES;
				GCC_C_LANGUAGE_STANDARD = gnu17;
				GCC_NO_COMMON_BLOCKS = YES;
				GCC_WARN_64_TO_32_BIT_CONVERSION = YES;
				GCC_WARN_ABOUT_RETURN_TYPE = YES_ERROR;
				GCC_WARN_UNDECLARED_SELECTOR = YES;
				GCC_WARN_UNINITIALIZED_AUTOS = YES_AGGRESSIVE;
				GCC_WARN_UNUSED_FUNCTION = YES;
				GCC_WARN_UNUSED_VARIABLE = YES;
				IPHONEOS_DEPLOYMENT_TARGET = 17.5;
				LOCALIZATION_PREFERS_STRING_CATALOGS = YES;
				MTL_ENABLE_DEBUG_INFO = NO;
				MTL_FAST_MATH = YES;
				SDKROOT = iphoneos;
				SWIFT_COMPILATION_MODE = wholemodule;
				VALIDATE_PRODUCT = YES;
			};
			name = Release;
		};
		3EBD30E52CBFEDCC00EBBDE7 /* Debug */ = {
			isa = XCBuildConfiguration;
			buildSettings = {
				ASSETCATALOG_COMPILER_APPICON_NAME = AppIcon;
				ASSETCATALOG_COMPILER_GLOBAL_ACCENT_COLOR_NAME = AccentColor;
				CODE_SIGN_STYLE = Automatic;
				CURRENT_PROJECT_VERSION = 1;
				DEVELOPMENT_ASSET_PATHS = "\"Movies/Preview Content\"";
				ENABLE_PREVIEWS = YES;
				GENERATE_INFOPLIST_FILE = YES;
				INFOPLIST_KEY_UIApplicationSceneManifest_Generation = YES;
				INFOPLIST_KEY_UIApplicationSupportsIndirectInputEvents = YES;
				INFOPLIST_KEY_UILaunchScreen_Generation = YES;
				INFOPLIST_KEY_UISupportedInterfaceOrientations_iPad = "UIInterfaceOrientationPortrait UIInterfaceOrientationPortraitUpsideDown UIInterfaceOrientationLandscapeLeft UIInterfaceOrientationLandscapeRight";
				INFOPLIST_KEY_UISupportedInterfaceOrientations_iPhone = "UIInterfaceOrientationPortrait UIInterfaceOrientationLandscapeLeft UIInterfaceOrientationLandscapeRight";
				LD_RUNPATH_SEARCH_PATHS = (
					"$(inherited)",
					"@executable_path/Frameworks",
				);
				MARKETING_VERSION = 1.0;
				PRODUCT_BUNDLE_IDENTIFIER = com.exercise.first.Movies;
				PRODUCT_NAME = "$(TARGET_NAME)";
				SWIFT_EMIT_LOC_STRINGS = YES;
				SWIFT_VERSION = 5.0;
				TARGETED_DEVICE_FAMILY = "1,2";
			};
			name = Debug;
		};
		3EBD30E62CBFEDCC00EBBDE7 /* Release */ = {
			isa = XCBuildConfiguration;
			buildSettings = {
				ASSETCATALOG_COMPILER_APPICON_NAME = AppIcon;
				ASSETCATALOG_COMPILER_GLOBAL_ACCENT_COLOR_NAME = AccentColor;
				CODE_SIGN_STYLE = Automatic;
				CURRENT_PROJECT_VERSION = 1;
				DEVELOPMENT_ASSET_PATHS = "\"Movies/Preview Content\"";
				ENABLE_PREVIEWS = YES;
				GENERATE_INFOPLIST_FILE = YES;
				INFOPLIST_KEY_UIApplicationSceneManifest_Generation = YES;
				INFOPLIST_KEY_UIApplicationSupportsIndirectInputEvents = YES;
				INFOPLIST_KEY_UILaunchScreen_Generation = YES;
				INFOPLIST_KEY_UISupportedInterfaceOrientations_iPad = "UIInterfaceOrientationPortrait UIInterfaceOrientationPortraitUpsideDown UIInterfaceOrientationLandscapeLeft UIInterfaceOrientationLandscapeRight";
				INFOPLIST_KEY_UISupportedInterfaceOrientations_iPhone = "UIInterfaceOrientationPortrait UIInterfaceOrientationLandscapeLeft UIInterfaceOrientationLandscapeRight";
				LD_RUNPATH_SEARCH_PATHS = (
					"$(inherited)",
					"@executable_path/Frameworks",
				);
				MARKETING_VERSION = 1.0;
				PRODUCT_BUNDLE_IDENTIFIER = com.exercise.first.Movies;
				PRODUCT_NAME = "$(TARGET_NAME)";
				SWIFT_EMIT_LOC_STRINGS = YES;
				SWIFT_VERSION = 5.0;
				TARGETED_DEVICE_FAMILY = "1,2";
			};
			name = Release;
		};
/* End XCBuildConfiguration section */

/* Begin XCConfigurationList section */
		3EBD30D12CBFEDC800EBBDE7 /* Build configuration list for PBXProject "Movies" */ = {
			isa = XCConfigurationList;
			buildConfigurations = (
				3EBD30E22CBFEDCC00EBBDE7 /* Debug */,
				3EBD30E32CBFEDCC00EBBDE7 /* Release */,
			);
			defaultConfigurationIsVisible = 0;
			defaultConfigurationName = Release;
		};
		3EBD30E42CBFEDCC00EBBDE7 /* Build configuration list for PBXNativeTarget "Movies" */ = {
			isa = XCConfigurationList;
			buildConfigurations = (
				3EBD30E52CBFEDCC00EBBDE7 /* Debug */,
				3EBD30E62CBFEDCC00EBBDE7 /* Release */,
			);
			defaultConfigurationIsVisible = 0;
			defaultConfigurationName = Release;
		};
/* End XCConfigurationList section */
	};
	rootObject = 3EBD30CE2CBFEDC800EBBDE7 /* Project object */;
}
